{
  "name": "position-tracker",
  "lockfileVersion": 3,
  "requires": true,
  "packages": {
    "": {
      "dependencies": {
        "@neondatabase/serverless": "^1.1.0",
        "bcrypt-ts": "^9.0.2",
        "jose": "^6.2.10"
      }
    },
    "node_modules/@neondatabase/serverless": {
      "version": "1.1.0",
      "resolved": "https://registry.npmjs.org/@neondatabase/serverless/-/serverless-1.1.0.tgz",
      "integrity": "sha512-r3ZZhRjEcfEdKIZnoB1RusNgvHuaBRqfCzV4Gi+5A9yUX0S4HTws/ASWqt13wL4y4I+0rqsWGdA2w7EQXHi3+Q==",
      "license": "MIT",
      "engines": {
        "node": ">=19.0.0"
      }
    },
    "node_modules/bcrypt-ts": {
      "version": "9.0.2",
      "resolved": "https://registry.npmjs.org/bcrypt-ts/-/bcrypt-ts-9.0.2.tgz",
      "integrity": "sha512-esaMayGbxzD3bOpy7f00pa5wA15wqhP15RbDYGzh/xGbZRNr05G9HdNiqK4ywzrVdzO8rv+Z4l6m01/9pv1FRA==",
      "license": "MIT",
      "engines": {
        "node": ">=22"
      }
    },
    "node_modules/jose": {
      "version": "6.2.10",
      "resolved": "https://registry.npmjs.org/jose/-/jose-6.2.10.tgz",
      "integrity": "sha512-iiW7J9qRFlGxvCOIBDBDxFePQSn7ZMAnrYGhrrOo6siO/MIqwfyilLR27pkfDgUk+raLuzADS8A3S/KLBisc0g==",
      "license": "MIT",
      "funding": {
        "url": "https://github.com/sponsors/panva"
      }
    }
  }
}
